
Microsoft Visual Studio Solution File, Format Version 12.00
# Visual Studio Version 17
VisualStudioVersion = 17.14.36603.0
MinimumVisualStudioVersion = 10.0.40219.1
Project("{FAE04EC0-301F-11D3-BF4B-00C04F79EFBC}") = "TriviaApp.API", "TriviaApp.API\TriviaApp.API.csproj", "{215786F0-AE20-43CF-935E-D234006561B7}"
EndProject
Project("{FAE04EC0-301F-11D3-BF4B-00C04F79EFBC}") = "TriviaApp.Tests", "TriviaApp.Tests\TriviaApp.Tests.csproj", "{AADC32A7-B7C2-4D8E-811C-E214399F9F60}"
EndProject
Global
	GlobalSection(SolutionConfigurationPlatforms) = preSolution
		Debug|Any CPU = Debug|Any CPU
		Release|Any CPU = Release|Any CPU
	EndGlobalSection
	GlobalSection(ProjectConfigurationPlatforms) = postSolution
		{215786F0-AE20-43CF-935E-D234006561B7}.Debug|Any CPU.ActiveCfg = Debug|Any CPU
		{215786F0-AE20-43CF-935E-D234006561B7}.Debug|Any CPU.Build.0 = Debug|Any CPU
		{215786F0-AE20-43CF-935E-D234006561B7}.Release|Any CPU.ActiveCfg = Release|Any CPU
		{215786F0-AE20-43CF-935E-D234006561B7}.Release|Any CPU.Build.0 = Release|Any CPU
		{AADC32A7-B7C2-4D8E-811C-E214399F9F60}.Debug|Any CPU.ActiveCfg = Debug|Any CPU
		{AADC32A7-B7C2-4D8E-811C-E214399F9F60}.Debug|Any CPU.Build.0 = Debug|Any CPU
		{AADC32A7-B7C2-4D8E-811C-E214399F9F60}.Release|Any CPU.ActiveCfg = Release|Any CPU
		{AADC32A7-B7C2-4D8E-811C-E214399F9F60}.Release|Any CPU.Build.0 = Release|Any CPU
	EndGlobalSection
	GlobalSection(SolutionProperties) = preSolution
		HideSolutionNode = FALSE
	EndGlobalSection
	GlobalSection(ExtensibilityGlobals) = postSolution
		SolutionGuid = {A325E0B8-F974-427C-BB1E-E73D4A7B1104}
	EndGlobalSection
EndGlobal
